// !$*UTF8*$!
{
	archiveVersion = 1;
	classes = {
	};
	objectVersion = 60;
	objects = {

/* Begin PBXBuildFile section */
		55669EF82BD6A4FE00F7B540 /* AppDelegate.swift in Sources */ = {isa = PBXBuildFile; fileRef = 55669EF72BD6A4FE00F7B540 /* AppDelegate.swift */; };
		55669EFA2BD6A4FE00F7B540 /* SceneDelegate.swift in Sources */ = {isa = PBXBuildFile; fileRef = 55669EF92BD6A4FE00F7B540 /* SceneDelegate.swift */; };
		55669F012BD6A4FF00F7B540 /* Assets.xcassets in Resources */ = {isa = PBXBuildFile; fileRef = 55669F002BD6A4FF00F7B540 /* Assets.xcassets */; };
		55669F042BD6A4FF00F7B540 /* LaunchScreen.storyboard in Resources */ = {isa = PBXBuildFile; fileRef = 55669F022BD6A4FF00F7B540 /* LaunchScreen.storyboard */; };
		55669F162BD6AEB400F7B540 /* RootCoordinator.swift in Sources */ = {isa = PBXBuildFile; fileRef = 55669F152BD6AEB400F7B540 /* RootCoordinator.swift */; };
		55669F192BD6B04000F7B540 /* Coordinator.swift in Sources */ = {isa = PBXBuildFile; fileRef = 55669F182BD6B04000F7B540 /* Coordinator.swift */; };
		55669F1B2BD6B06100F7B540 /* ChildCoordinator.swift in Sources */ = {isa = PBXBuildFile; fileRef = 55669F1A2BD6B06100F7B540 /* ChildCoordinator.swift */; };
		55669F1E2BD6B09E00F7B540 /* AuthCoordinator.swift in Sources */ = {isa = PBXBuildFile; fileRef = 55669F1D2BD6B09E00F7B540 /* AuthCoordinator.swift */; };
		55669F202BD6B0DA00F7B540 /* SignupCoordinator.swift in Sources */ = {isa = PBXBuildFile; fileRef = 55669F1F2BD6B0DA00F7B540 /* SignupCoordinator.swift */; };
		55669F222BD6B10E00F7B540 /* LoginCoordinator.swift in Sources */ = {isa = PBXBuildFile; fileRef = 55669F212BD6B10E00F7B540 /* LoginCoordinator.swift */; };
		55669F252BD6B14E00F7B540 /* HomeCoordinator.swift in Sources */ = {isa = PBXBuildFile; fileRef = 55669F242BD6B14E00F7B540 /* HomeCoordinator.swift */; };
		55669F2A2BD6B25400F7B540 /* FontSystem.swift in Sources */ = {isa = PBXBuildFile; fileRef = 55669F292BD6B25400F7B540 /* FontSystem.swift */; };
		55669F2D2BD6B27000F7B540 /* ColorSystem.swift in Sources */ = {isa = PBXBuildFile; fileRef = 55669F2C2BD6B27000F7B540 /* ColorSystem.swift */; };
		55669F302BD6B2AA00F7B540 /* IconDesignSystem.swift in Sources */ = {isa = PBXBuildFile; fileRef = 55669F2F2BD6B2AA00F7B540 /* IconDesignSystem.swift */; };
		55669F342BD6B45600F7B540 /* NeueRoman.ttf in Resources */ = {isa = PBXBuildFile; fileRef = 55669F322BD6B3F600F7B540 /* NeueRoman.ttf */; };
		55669F352BD6B45800F7B540 /* NeueMediu.ttf in Resources */ = {isa = PBXBuildFile; fileRef = 55669F332BD6B3F600F7B540 /* NeueMediu.ttf */; };
		55669F362BD6B45B00F7B540 /* NeueBold.ttf in Resources */ = {isa = PBXBuildFile; fileRef = 55669F312BD6B3F600F7B540 /* NeueBold.ttf */; };
		55669F392BD6B53400F7B540 /* Factory in Frameworks */ = {isa = PBXBuildFile; productRef = 55669F382BD6B53400F7B540 /* Factory */; };
		55669F3E2BD6B58F00F7B540 /* Utilits in Frameworks */ = {isa = PBXBuildFile; productRef = 55669F3D2BD6B58F00F7B540 /* Utilits */; };
		55669F492BD6D96800F7B540 /* BaseViewController.swift in Sources */ = {isa = PBXBuildFile; fileRef = 55669F482BD6D96800F7B540 /* BaseViewController.swift */; };
		55669F4B2BD6DA4300F7B540 /* BasePresenter.swift in Sources */ = {isa = PBXBuildFile; fileRef = 55669F4A2BD6DA4300F7B540 /* BasePresenter.swift */; };
		55669F4D2BD6FB0700F7B540 /* BaseUsecase.swift in Sources */ = {isa = PBXBuildFile; fileRef = 55669F4C2BD6FB0700F7B540 /* BaseUsecase.swift */; };
		55669F512BD6FB6A00F7B540 /* BaseLocalRepository.swift in Sources */ = {isa = PBXBuildFile; fileRef = 55669F502BD6FB6A00F7B540 /* BaseLocalRepository.swift */; };
		55669F532BD6FCF800F7B540 /* BaseRemoteRepository.swift in Sources */ = {isa = PBXBuildFile; fileRef = 55669F522BD6FCF800F7B540 /* BaseRemoteRepository.swift */; };
		55669F562BD710D100F7B540 /* FloatingLabelTextField.xib in Resources */ = {isa = PBXBuildFile; fileRef = 55669F552BD710D100F7B540 /* FloatingLabelTextField.xib */; };
		55669F5A2BD7123A00F7B540 /* FloatingLabelTextField.swift in Sources */ = {isa = PBXBuildFile; fileRef = 55669F592BD7123A00F7B540 /* FloatingLabelTextField.swift */; };
		55669F5C2BD7132D00F7B540 /* FloatingTextFieldModel.swift in Sources */ = {isa = PBXBuildFile; fileRef = 55669F5B2BD7132D00F7B540 /* FloatingTextFieldModel.swift */; };
		55669F662BD7142B00F7B540 /* SignupViewController.xib in Resources */ = {isa = PBXBuildFile; fileRef = 55669F642BD7142B00F7B540 /* SignupViewController.xib */; };
		55669F682BD714AF00F7B540 /* SignupPresenter.swift in Sources */ = {isa = PBXBuildFile; fileRef = 55669F672BD714AF00F7B540 /* SignupPresenter.swift */; };
		55669F6B2BD714ED00F7B540 /* SignupSceneProtocols.swift in Sources */ = {isa = PBXBuildFile; fileRef = 55669F6A2BD714ED00F7B540 /* SignupSceneProtocols.swift */; };
		55669F6E2BD7155000F7B540 /* RemoteSignupRepository.swift in Sources */ = {isa = PBXBuildFile; fileRef = 55669F6D2BD7155000F7B540 /* RemoteSignupRepository.swift */; };
		55669F712BD7157200F7B540 /* SignupRepositoryProtocol.swift in Sources */ = {isa = PBXBuildFile; fileRef = 55669F702BD7157200F7B540 /* SignupRepositoryProtocol.swift */; };
		55669F742BD730B100F7B540 /* User.swift in Sources */ = {isa = PBXBuildFile; fileRef = 55669F732BD730B100F7B540 /* User.swift */; };
		55669F772BD730DF00F7B540 /* SignupData.swift in Sources */ = {isa = PBXBuildFile; fileRef = 55669F762BD730DF00F7B540 /* SignupData.swift */; };
		55669F7A2BD7319A00F7B540 /* UserSignupDto.swift in Sources */ = {isa = PBXBuildFile; fileRef = 55669F792BD7319A00F7B540 /* UserSignupDto.swift */; };
		55669F7E2BD731F600F7B540 /* SignupEndpoint.swift in Sources */ = {isa = PBXBuildFile; fileRef = 55669F7D2BD731F600F7B540 /* SignupEndpoint.swift */; };
		55669F812BD7321F00F7B540 /* Endpoint.swift in Sources */ = {isa = PBXBuildFile; fileRef = 55669F802BD7321F00F7B540 /* Endpoint.swift */; };
		55669F832BD7326000F7B540 /* SignupApiPath.swift in Sources */ = {isa = PBXBuildFile; fileRef = 55669F822BD7326000F7B540 /* SignupApiPath.swift */; };
		55669F852BD735E700F7B540 /* SignupViewController.swift in Sources */ = {isa = PBXBuildFile; fileRef = 55669F842BD735E700F7B540 /* SignupViewController.swift */; };
		55669F882BD73D0B00F7B540 /* SignupUsecase.swift in Sources */ = {isa = PBXBuildFile; fileRef = 55669F872BD73D0B00F7B540 /* SignupUsecase.swift */; };
		55669F8A2BD73D1D00F7B540 /* SignupUsecaseProtocol.swift in Sources */ = {isa = PBXBuildFile; fileRef = 55669F892BD73D1D00F7B540 /* SignupUsecaseProtocol.swift */; };
		55669F8E2BD7413C00F7B540 /* SignupRepositoryData.swift in Sources */ = {isa = PBXBuildFile; fileRef = 55669F8D2BD7413C00F7B540 /* SignupRepositoryData.swift */; };
		55F09FA32BD7545200BFF8FE /* SignupRepositoryAdapter.swift in Sources */ = {isa = PBXBuildFile; fileRef = 55F09FA22BD7545200BFF8FE /* SignupRepositoryAdapter.swift */; };
		55F09FA52BD881F600BFF8FE /* SignupUserAdapter.swift in Sources */ = {isa = PBXBuildFile; fileRef = 55F09FA42BD881F600BFF8FE /* SignupUserAdapter.swift */; };
/* End PBXBuildFile section */

/* Begin PBXFileReference section */
		55669EF42BD6A4FE00F7B540 /* AlulaMVP.app */ = {isa = PBXFileReference; explicitFileType = wrapper.application; includeInIndex = 0; path = AlulaMVP.app; sourceTree = BUILT_PRODUCTS_DIR; };
		55669EF72BD6A4FE00F7B540 /* AppDelegate.swift */ = {isa = PBXFileReference; lastKnownFileType = sourcecode.swift; path = AppDelegate.swift; sourceTree = "<group>"; };
		55669EF92BD6A4FE00F7B540 /* SceneDelegate.swift */ = {isa = PBXFileReference; lastKnownFileType = sourcecode.swift; path = SceneDelegate.swift; sourceTree = "<group>"; };
		55669F002BD6A4FF00F7B540 /* Assets.xcassets */ = {isa = PBXFileReference; lastKnownFileType = folder.assetcatalog; path = Assets.xcassets; sourceTree = "<group>"; };
		55669F032BD6A4FF00F7B540 /* Base */ = {isa = PBXFileReference; lastKnownFileType = file.storyboard; name = Base; path = Base.lproj/LaunchScreen.storyboard; sourceTree = "<group>"; };
		55669F052BD6A4FF00F7B540 /* Info.plist */ = {isa = PBXFileReference; lastKnownFileType = text.plist.xml; path = Info.plist; sourceTree = "<group>"; };
		55669F152BD6AEB400F7B540 /* RootCoordinator.swift */ = {isa = PBXFileReference; lastKnownFileType = sourcecode.swift; path = RootCoordinator.swift; sourceTree = "<group>"; };
		55669F182BD6B04000F7B540 /* Coordinator.swift */ = {isa = PBXFileReference; lastKnownFileType = sourcecode.swift; path = Coordinator.swift; sourceTree = "<group>"; };
		55669F1A2BD6B06100F7B540 /* ChildCoordinator.swift */ = {isa = PBXFileReference; lastKnownFileType = sourcecode.swift; path = ChildCoordinator.swift; sourceTree = "<group>"; };
		55669F1D2BD6B09E00F7B540 /* AuthCoordinator.swift */ = {isa = PBXFileReference; lastKnownFileType = sourcecode.swift; path = AuthCoordinator.swift; sourceTree = "<group>"; };
		55669F1F2BD6B0DA00F7B540 /* SignupCoordinator.swift */ = {isa = PBXFileReference; lastKnownFileType = sourcecode.swift; path = SignupCoordinator.swift; sourceTree = "<group>"; };
		55669F212BD6B10E00F7B540 /* LoginCoordinator.swift */ = {isa = PBXFileReference; lastKnownFileType = sourcecode.swift; path = LoginCoordinator.swift; sourceTree = "<group>"; };
		55669F242BD6B14E00F7B540 /* HomeCoordinator.swift */ = {isa = PBXFileReference; lastKnownFileType = sourcecode.swift; path = HomeCoordinator.swift; sourceTree = "<group>"; };
		55669F292BD6B25400F7B540 /* FontSystem.swift */ = {isa = PBXFileReference; lastKnownFileType = sourcecode.swift; path = FontSystem.swift; sourceTree = "<group>"; };
		55669F2C2BD6B27000F7B540 /* ColorSystem.swift */ = {isa = PBXFileReference; lastKnownFileType = sourcecode.swift; path = ColorSystem.swift; sourceTree = "<group>"; };
		55669F2F2BD6B2AA00F7B540 /* IconDesignSystem.swift */ = {isa = PBXFileReference; lastKnownFileType = sourcecode.swift; path = IconDesignSystem.swift; sourceTree = "<group>"; };
		55669F312BD6B3F600F7B540 /* NeueBold.ttf */ = {isa = PBXFileReference; lastKnownFileType = file; path = NeueBold.ttf; sourceTree = "<group>"; };
		55669F322BD6B3F600F7B540 /* NeueRoman.ttf */ = {isa = PBXFileReference; lastKnownFileType = file; path = NeueRoman.ttf; sourceTree = "<group>"; };
		55669F332BD6B3F600F7B540 /* NeueMediu.ttf */ = {isa = PBXFileReference; lastKnownFileType = file; path = NeueMediu.ttf; sourceTree = "<group>"; };
		55669F482BD6D96800F7B540 /* BaseViewController.swift */ = {isa = PBXFileReference; lastKnownFileType = sourcecode.swift; path = BaseViewController.swift; sourceTree = "<group>"; };
		55669F4A2BD6DA4300F7B540 /* BasePresenter.swift */ = {isa = PBXFileReference; lastKnownFileType = sourcecode.swift; path = BasePresenter.swift; sourceTree = "<group>"; };
		55669F4C2BD6FB0700F7B540 /* BaseUsecase.swift */ = {isa = PBXFileReference; lastKnownFileType = sourcecode.swift; path = BaseUsecase.swift; sourceTree = "<group>"; };
		55669F502BD6FB6A00F7B540 /* BaseLocalRepository.swift */ = {isa = PBXFileReference; lastKnownFileType = sourcecode.swift; path = BaseLocalRepository.swift; sourceTree = "<group>"; };
		55669F522BD6FCF800F7B540 /* BaseRemoteRepository.swift */ = {isa = PBXFileReference; lastKnownFileType = sourcecode.swift; path = BaseRemoteRepository.swift; sourceTree = "<group>"; };
		55669F552BD710D100F7B540 /* FloatingLabelTextField.xib */ = {isa = PBXFileReference; lastKnownFileType = file.xib; path = FloatingLabelTextField.xib; sourceTree = "<group>"; };
		55669F592BD7123A00F7B540 /* FloatingLabelTextField.swift */ = {isa = PBXFileReference; lastKnownFileType = sourcecode.swift; path = FloatingLabelTextField.swift; sourceTree = "<group>"; };
		55669F5B2BD7132D00F7B540 /* FloatingTextFieldModel.swift */ = {isa = PBXFileReference; lastKnownFileType = sourcecode.swift; path = FloatingTextFieldModel.swift; sourceTree = "<group>"; };
		55669F642BD7142B00F7B540 /* SignupViewController.xib */ = {isa = PBXFileReference; lastKnownFileType = file.xib; path = SignupViewController.xib; sourceTree = "<group>"; };
		55669F672BD714AF00F7B540 /* SignupPresenter.swift */ = {isa = PBXFileReference; lastKnownFileType = sourcecode.swift; path = SignupPresenter.swift; sourceTree = "<group>"; };
		55669F6A2BD714ED00F7B540 /* SignupSceneProtocols.swift */ = {isa = PBXFileReference; lastKnownFileType = sourcecode.swift; path = SignupSceneProtocols.swift; sourceTree = "<group>"; };
		55669F6D2BD7155000F7B540 /* RemoteSignupRepository.swift */ = {isa = PBXFileReference; lastKnownFileType = sourcecode.swift; path = RemoteSignupRepository.swift; sourceTree = "<group>"; };
		55669F702BD7157200F7B540 /* SignupRepositoryProtocol.swift */ = {isa = PBXFileReference; lastKnownFileType = sourcecode.swift; path = SignupRepositoryProtocol.swift; sourceTree = "<group>"; };
		55669F732BD730B100F7B540 /* User.swift */ = {isa = PBXFileReference; lastKnownFileType = sourcecode.swift; path = User.swift; sourceTree = "<group>"; };
		55669F762BD730DF00F7B540 /* SignupData.swift */ = {isa = PBXFileReference; lastKnownFileType = sourcecode.swift; path = SignupData.swift; sourceTree = "<group>"; };
		55669F792BD7319A00F7B540 /* UserSignupDto.swift */ = {isa = PBXFileReference; lastKnownFileType = sourcecode.swift; path = UserSignupDto.swift; sourceTree = "<group>"; };
		55669F7D2BD731F600F7B540 /* SignupEndpoint.swift */ = {isa = PBXFileReference; lastKnownFileType = sourcecode.swift; path = SignupEndpoint.swift; sourceTree = "<group>"; };
		55669F802BD7321F00F7B540 /* Endpoint.swift */ = {isa = PBXFileReference; lastKnownFileType = sourcecode.swift; path = Endpoint.swift; sourceTree = "<group>"; };
		55669F822BD7326000F7B540 /* SignupApiPath.swift */ = {isa = PBXFileReference; lastKnownFileType = sourcecode.swift; path = SignupApiPath.swift; sourceTree = "<group>"; };
		55669F842BD735E700F7B540 /* SignupViewController.swift */ = {isa = PBXFileReference; lastKnownFileType = sourcecode.swift; path = SignupViewController.swift; sourceTree = "<group>"; };
		55669F872BD73D0B00F7B540 /* SignupUsecase.swift */ = {isa = PBXFileReference; lastKnownFileType = sourcecode.swift; path = SignupUsecase.swift; sourceTree = "<group>"; };
		55669F892BD73D1D00F7B540 /* SignupUsecaseProtocol.swift */ = {isa = PBXFileReference; lastKnownFileType = sourcecode.swift; path = SignupUsecaseProtocol.swift; sourceTree = "<group>"; };
		55669F8D2BD7413C00F7B540 /* SignupRepositoryData.swift */ = {isa = PBXFileReference; lastKnownFileType = sourcecode.swift; path = SignupRepositoryData.swift; sourceTree = "<group>"; };
		55F09FA22BD7545200BFF8FE /* SignupRepositoryAdapter.swift */ = {isa = PBXFileReference; lastKnownFileType = sourcecode.swift; path = SignupRepositoryAdapter.swift; sourceTree = "<group>"; };
		55F09FA42BD881F600BFF8FE /* SignupUserAdapter.swift */ = {isa = PBXFileReference; lastKnownFileType = sourcecode.swift; path = SignupUserAdapter.swift; sourceTree = "<group>"; };
/* End PBXFileReference section */

/* Begin PBXFrameworksBuildPhase section */
		55669EF12BD6A4FE00F7B540 /* Frameworks */ = {
			isa = PBXFrameworksBuildPhase;
			buildActionMask = 2147483647;
			files = (
				55669F392BD6B53400F7B540 /* Factory in Frameworks */,
				55669F3E2BD6B58F00F7B540 /* Utilits in Frameworks */,
			);
			runOnlyForDeploymentPostprocessing = 0;
		};
/* End PBXFrameworksBuildPhase section */

/* Begin PBXGroup section */
		55669EEB2BD6A4FE00F7B540 = {
			isa = PBXGroup;
			children = (
				55669EF62BD6A4FE00F7B540 /* AlulaMVP */,
				55669EF52BD6A4FE00F7B540 /* Products */,
			);
			sourceTree = "<group>";
		};
		55669EF52BD6A4FE00F7B540 /* Products */ = {
			isa = PBXGroup;
			children = (
				55669EF42BD6A4FE00F7B540 /* AlulaMVP.app */,
			);
			name = Products;
			sourceTree = "<group>";
		};
		55669EF62BD6A4FE00F7B540 /* AlulaMVP */ = {
			isa = PBXGroup;
			children = (
				55669F542BD7108D00F7B540 /* Utils */,
				55669F472BD6D94E00F7B540 /* Base */,
				55669F3F2BD6B63C00F7B540 /* DIContainer */,
				55669F132BD6AE6E00F7B540 /* Navigation */,
				55669F0D2BD6A96B00F7B540 /* Scenes */,
				55669F0B2BD6A93300F7B540 /* Core */,
				55669F0C2BD6A95F00F7B540 /* Resources */,
				55669F052BD6A4FF00F7B540 /* Info.plist */,
			);
			path = AlulaMVP;
			sourceTree = "<group>";
		};
		55669F0B2BD6A93300F7B540 /* Core */ = {
			isa = PBXGroup;
			children = (
				55669EF72BD6A4FE00F7B540 /* AppDelegate.swift */,
				55669EF92BD6A4FE00F7B540 /* SceneDelegate.swift */,
			);
			path = Core;
			sourceTree = "<group>";
		};
		55669F0C2BD6A95F00F7B540 /* Resources */ = {
			isa = PBXGroup;
			children = (
				55669F272BD6B22F00F7B540 /* Fonts */,
				55669F262BD6B20C00F7B540 /* DesignSystem */,
				55669F002BD6A4FF00F7B540 /* Assets.xcassets */,
				55669F022BD6A4FF00F7B540 /* LaunchScreen.storyboard */,
			);
			path = Resources;
			sourceTree = "<group>";
		};
		55669F0D2BD6A96B00F7B540 /* Scenes */ = {
			isa = PBXGroup;
			children = (
				55669F122BD6A9FE00F7B540 /* Signup */,
			);
			path = Scenes;
			sourceTree = "<group>";
		};
		55669F0F2BD6A9CC00F7B540 /* Data */ = {
			isa = PBXGroup;
			children = (
				55F09FA12BD7544000BFF8FE /* Adapter */,
				55669F782BD7318C00F7B540 /* Network */,
				55669F752BD730C300F7B540 /* Models */,
				55669F6C2BD7152D00F7B540 /* Repositories */,
			);
			path = Data;
			sourceTree = "<group>";
		};
		55669F102BD6A9E000F7B540 /* Domain */ = {
			isa = PBXGroup;
			children = (
				55669F862BD73CF600F7B540 /* Usecases */,
				55669F722BD7302400F7B540 /* Entities */,
				55669F6F2BD7155D00F7B540 /* Interfaces */,
			);
			path = Domain;
			sourceTree = "<group>";
		};
		55669F122BD6A9FE00F7B540 /* Signup */ = {
			isa = PBXGroup;
			children = (
				55669F422BD6D91A00F7B540 /* Presentation */,
				55669F102BD6A9E000F7B540 /* Domain */,
				55669F0F2BD6A9CC00F7B540 /* Data */,
			);
			path = Signup;
			sourceTree = "<group>";
		};
		55669F132BD6AE6E00F7B540 /* Navigation */ = {
			isa = PBXGroup;
			children = (
				55669F232BD6B13100F7B540 /* HomeCoordinator */,
				55669F1C2BD6B07000F7B540 /* AuthCoordinator */,
				55669F172BD6B03700F7B540 /* Protocols */,
				55669F142BD6AE7B00F7B540 /* RootCoordinator */,
			);
			path = Navigation;
			sourceTree = "<group>";
		};
		55669F142BD6AE7B00F7B540 /* RootCoordinator */ = {
			isa = PBXGroup;
			children = (
				55669F152BD6AEB400F7B540 /* RootCoordinator.swift */,
			);
			path = RootCoordinator;
			sourceTree = "<group>";
		};
		55669F172BD6B03700F7B540 /* Protocols */ = {
			isa = PBXGroup;
			children = (
				55669F182BD6B04000F7B540 /* Coordinator.swift */,
				55669F1A2BD6B06100F7B540 /* ChildCoordinator.swift */,
			);
			path = Protocols;
			sourceTree = "<group>";
		};
		55669F1C2BD6B07000F7B540 /* AuthCoordinator */ = {
			isa = PBXGroup;
			children = (
				55669F1D2BD6B09E00F7B540 /* AuthCoordinator.swift */,
				55669F1F2BD6B0DA00F7B540 /* SignupCoordinator.swift */,
				55669F212BD6B10E00F7B540 /* LoginCoordinator.swift */,
			);
			path = AuthCoordinator;
			sourceTree = "<group>";
		};
		55669F232BD6B13100F7B540 /* HomeCoordinator */ = {
			isa = PBXGroup;
			children = (
				55669F242BD6B14E00F7B540 /* HomeCoordinator.swift */,
			);
			path = HomeCoordinator;
			sourceTree = "<group>";
		};
		55669F262BD6B20C00F7B540 /* DesignSystem */ = {
			isa = PBXGroup;
			children = (
				55669F2E2BD6B28C00F7B540 /* ImageSystem */,
				55669F2B2BD6B26600F7B540 /* ColorSystem */,
				55669F282BD6B24500F7B540 /* FontSystem */,
			);
			path = DesignSystem;
			sourceTree = "<group>";
		};
		55669F272BD6B22F00F7B540 /* Fonts */ = {
			isa = PBXGroup;
			children = (
				55669F312BD6B3F600F7B540 /* NeueBold.ttf */,
				55669F332BD6B3F600F7B540 /* NeueMediu.ttf */,
				55669F322BD6B3F600F7B540 /* NeueRoman.ttf */,
			);
			path = Fonts;
			sourceTree = "<group>";
		};
		55669F282BD6B24500F7B540 /* FontSystem */ = {
			isa = PBXGroup;
			children = (
				55669F292BD6B25400F7B540 /* FontSystem.swift */,
			);
			path = FontSystem;
			sourceTree = "<group>";
		};
		55669F2B2BD6B26600F7B540 /* ColorSystem */ = {
			isa = PBXGroup;
			children = (
				55669F2C2BD6B27000F7B540 /* ColorSystem.swift */,
			);
			path = ColorSystem;
			sourceTree = "<group>";
		};
		55669F2E2BD6B28C00F7B540 /* ImageSystem */ = {
			isa = PBXGroup;
			children = (
				55669F2F2BD6B2AA00F7B540 /* IconDesignSystem.swift */,
			);
			path = ImageSystem;
			sourceTree = "<group>";
		};
		55669F3F2BD6B63C00F7B540 /* DIContainer */ = {
			isa = PBXGroup;
			children = (
			);
			path = DIContainer;
			sourceTree = "<group>";
		};
		55669F422BD6D91A00F7B540 /* Presentation */ = {
			isa = PBXGroup;
			children = (
				55669F692BD714DD00F7B540 /* Protocols */,
				55669F622BD7141500F7B540 /* Presenter */,
				55669F612BD7141000F7B540 /* View */,
			);
			path = Presentation;
			sourceTree = "<group>";
		};
		55669F472BD6D94E00F7B540 /* Base */ = {
			isa = PBXGroup;
			children = (
				55669F482BD6D96800F7B540 /* BaseViewController.swift */,
				55669F4A2BD6DA4300F7B540 /* BasePresenter.swift */,
				55669F4C2BD6FB0700F7B540 /* BaseUsecase.swift */,
				55669F502BD6FB6A00F7B540 /* BaseLocalRepository.swift */,
				55669F522BD6FCF800F7B540 /* BaseRemoteRepository.swift */,
			);
			path = Base;
			sourceTree = "<group>";
		};
		55669F542BD7108D00F7B540 /* Utils */ = {
			isa = PBXGroup;
			children = (
				55669F7F2BD7320800F7B540 /* Endpoint */,
				55669F5D2BD7139F00F7B540 /* ReusableView */,
			);
			path = Utils;
			sourceTree = "<group>";
		};
		55669F5D2BD7139F00F7B540 /* ReusableView */ = {
			isa = PBXGroup;
			children = (
				55669F5E2BD713AC00F7B540 /* FloatingTextField */,
			);
			path = ReusableView;
			sourceTree = "<group>";
		};
		55669F5E2BD713AC00F7B540 /* FloatingTextField */ = {
			isa = PBXGroup;
			children = (
				55669F552BD710D100F7B540 /* FloatingLabelTextField.xib */,
				55669F592BD7123A00F7B540 /* FloatingLabelTextField.swift */,
				55669F5B2BD7132D00F7B540 /* FloatingTextFieldModel.swift */,
			);
			path = FloatingTextField;
			sourceTree = "<group>";
		};
		55669F612BD7141000F7B540 /* View */ = {
			isa = PBXGroup;
			children = (
				55669F642BD7142B00F7B540 /* SignupViewController.xib */,
				55669F842BD735E700F7B540 /* SignupViewController.swift */,
			);
			path = View;
			sourceTree = "<group>";
		};
		55669F622BD7141500F7B540 /* Presenter */ = {
			isa = PBXGroup;
			children = (
				55669F672BD714AF00F7B540 /* SignupPresenter.swift */,
			);
			path = Presenter;
			sourceTree = "<group>";
		};
		55669F692BD714DD00F7B540 /* Protocols */ = {
			isa = PBXGroup;
			children = (
				55669F6A2BD714ED00F7B540 /* SignupSceneProtocols.swift */,
			);
			path = Protocols;
			sourceTree = "<group>";
		};
		55669F6C2BD7152D00F7B540 /* Repositories */ = {
			isa = PBXGroup;
			children = (
				55669F6D2BD7155000F7B540 /* RemoteSignupRepository.swift */,
			);
			path = Repositories;
			sourceTree = "<group>";
		};
		55669F6F2BD7155D00F7B540 /* Interfaces */ = {
			isa = PBXGroup;
			children = (
				55669F702BD7157200F7B540 /* SignupRepositoryProtocol.swift */,
			);
			path = Interfaces;
			sourceTree = "<group>";
		};
		55669F722BD7302400F7B540 /* Entities */ = {
			isa = PBXGroup;
			children = (
				55669F732BD730B100F7B540 /* User.swift */,
			);
			path = Entities;
			sourceTree = "<group>";
		};
		55669F752BD730C300F7B540 /* Models */ = {
			isa = PBXGroup;
			children = (
				55669F762BD730DF00F7B540 /* SignupData.swift */,
				55669F8D2BD7413C00F7B540 /* SignupRepositoryData.swift */,
			);
			path = Models;
			sourceTree = "<group>";
		};
		55669F782BD7318C00F7B540 /* Network */ = {
			isa = PBXGroup;
			children = (
				55669F7C2BD731DC00F7B540 /* APIEndpoint */,
				55669F7B2BD731D300F7B540 /* DTO */,
			);
			path = Network;
			sourceTree = "<group>";
		};
		55669F7B2BD731D300F7B540 /* DTO */ = {
			isa = PBXGroup;
			children = (
				55669F792BD7319A00F7B540 /* UserSignupDto.swift */,
			);
			path = DTO;
			sourceTree = "<group>";
		};
		55669F7C2BD731DC00F7B540 /* APIEndpoint */ = {
			isa = PBXGroup;
			children = (
				55669F7D2BD731F600F7B540 /* SignupEndpoint.swift */,
				55669F822BD7326000F7B540 /* SignupApiPath.swift */,
			);
			path = APIEndpoint;
			sourceTree = "<group>";
		};
		55669F7F2BD7320800F7B540 /* Endpoint */ = {
			isa = PBXGroup;
			children = (
				55669F802BD7321F00F7B540 /* Endpoint.swift */,
			);
			path = Endpoint;
			sourceTree = "<group>";
		};
		55669F862BD73CF600F7B540 /* Usecases */ = {
			isa = PBXGroup;
			children = (
				55669F872BD73D0B00F7B540 /* SignupUsecase.swift */,
				55669F892BD73D1D00F7B540 /* SignupUsecaseProtocol.swift */,
			);
			path = Usecases;
			sourceTree = "<group>";
		};
		55F09FA12BD7544000BFF8FE /* Adapter */ = {
			isa = PBXGroup;
			children = (
				55F09FA22BD7545200BFF8FE /* SignupRepositoryAdapter.swift */,
				55F09FA42BD881F600BFF8FE /* SignupUserAdapter.swift */,
			);
			path = Adapter;
			sourceTree = "<group>";
		};
/* End PBXGroup section */

/* Begin PBXNativeTarget section */
		55669EF32BD6A4FE00F7B540 /* AlulaMVP */ = {
			isa = PBXNativeTarget;
			buildConfigurationList = 55669F082BD6A4FF00F7B540 /* Build configuration list for PBXNativeTarget "AlulaMVP" */;
			buildPhases = (
				55669EF02BD6A4FE00F7B540 /* Sources */,
				55669EF12BD6A4FE00F7B540 /* Frameworks */,
				55669EF22BD6A4FE00F7B540 /* Resources */,
			);
			buildRules = (
			);
			dependencies = (
			);
			name = AlulaMVP;
			packageProductDependencies = (
				55669F382BD6B53400F7B540 /* Factory */,
				55669F3D2BD6B58F00F7B540 /* Utilits */,
			);
			productName = AlulaMVP;
			productReference = 55669EF42BD6A4FE00F7B540 /* AlulaMVP.app */;
			productType = "com.apple.product-type.application";
		};
/* End PBXNativeTarget section */

/* Begin PBXProject section */
		55669EEC2BD6A4FE00F7B540 /* Project object */ = {
			isa = PBXProject;
			attributes = {
				BuildIndependentTargetsInParallel = 1;
				LastSwiftUpdateCheck = 1520;
				LastUpgradeCheck = 1520;
				TargetAttributes = {
					55669EF32BD6A4FE00F7B540 = {
						CreatedOnToolsVersion = 15.2;
					};
				};
			};
			buildConfigurationList = 55669EEF2BD6A4FE00F7B540 /* Build configuration list for PBXProject "AlulaMVP" */;
			compatibilityVersion = "Xcode 14.0";
			developmentRegion = en;
			hasScannedForEncodings = 0;
			knownRegions = (
				en,
				Base,
			);
			mainGroup = 55669EEB2BD6A4FE00F7B540;
			packageReferences = (
				55669F372BD6B53400F7B540 /* XCRemoteSwiftPackageReference "Factory" */,
				55669F3A2BD6B55900F7B540 /* XCLocalSwiftPackageReference "../iOSProjects/Utilits" */,
			);
			productRefGroup = 55669EF52BD6A4FE00F7B540 /* Products */;
			projectDirPath = "";
			projectRoot = "";
			targets = (
				55669EF32BD6A4FE00F7B540 /* AlulaMVP */,
			);
		};
/* End PBXProject section */

/* Begin PBXResourcesBuildPhase section */
		55669EF22BD6A4FE00F7B540 /* Resources */ = {
			isa = PBXResourcesBuildPhase;
			buildActionMask = 2147483647;
			files = (
				55669F042BD6A4FF00F7B540 /* LaunchScreen.storyboard in Resources */,
				55669F362BD6B45B00F7B540 /* NeueBold.ttf in Resources */,
				55669F562BD710D100F7B540 /* FloatingLabelTextField.xib in Resources */,
				55669F342BD6B45600F7B540 /* NeueRoman.ttf in Resources */,
				55669F352BD6B45800F7B540 /* NeueMediu.ttf in Resources */,
				55669F662BD7142B00F7B540 /* SignupViewController.xib in Resources */,
				55669F012BD6A4FF00F7B540 /* Assets.xcassets in Resources */,
			);
			runOnlyForDeploymentPostprocessing = 0;
		};
/* End PBXResourcesBuildPhase section */

/* Begin PBXSourcesBuildPhase section */
		55669EF02BD6A4FE00F7B540 /* Sources */ = {
			isa = PBXSourcesBuildPhase;
			buildActionMask = 2147483647;
			files = (
				55669F742BD730B100F7B540 /* User.swift in Sources */,
				55669F682BD714AF00F7B540 /* SignupPresenter.swift in Sources */,
				55669F6E2BD7155000F7B540 /* RemoteSignupRepository.swift in Sources */,
				55669F5A2BD7123A00F7B540 /* FloatingLabelTextField.swift in Sources */,
				55669F812BD7321F00F7B540 /* Endpoint.swift in Sources */,
				55669F8E2BD7413C00F7B540 /* SignupRepositoryData.swift in Sources */,
				55669F492BD6D96800F7B540 /* BaseViewController.swift in Sources */,
				55669F4B2BD6DA4300F7B540 /* BasePresenter.swift in Sources */,
				55F09FA52BD881F600BFF8FE /* SignupUserAdapter.swift in Sources */,
				55669F4D2BD6FB0700F7B540 /* BaseUsecase.swift in Sources */,
				55669F192BD6B04000F7B540 /* Coordinator.swift in Sources */,
				55669EF82BD6A4FE00F7B540 /* AppDelegate.swift in Sources */,
				55F09FA32BD7545200BFF8FE /* SignupRepositoryAdapter.swift in Sources */,
				55669F252BD6B14E00F7B540 /* HomeCoordinator.swift in Sources */,
				55669F852BD735E700F7B540 /* SignupViewController.swift in Sources */,
				55669F832BD7326000F7B540 /* SignupApiPath.swift in Sources */,
				55669F882BD73D0B00F7B540 /* SignupUsecase.swift in Sources */,
				55669F532BD6FCF800F7B540 /* BaseRemoteRepository.swift in Sources */,
				55669F7E2BD731F600F7B540 /* SignupEndpoint.swift in Sources */,
				55669F712BD7157200F7B540 /* SignupRepositoryProtocol.swift in Sources */,
				55669F2A2BD6B25400F7B540 /* FontSystem.swift in Sources */,
				55669F202BD6B0DA00F7B540 /* SignupCoordinator.swift in Sources */,
				55669F302BD6B2AA00F7B540 /* IconDesignSystem.swift in Sources */,
				55669F7A2BD7319A00F7B540 /* UserSignupDto.swift in Sources */,
				55669F2D2BD6B27000F7B540 /* ColorSystem.swift in Sources */,
				55669F8A2BD73D1D00F7B540 /* SignupUsecaseProtocol.swift in Sources */,
				55669F5C2BD7132D00F7B540 /* FloatingTextFieldModel.swift in Sources */,
				55669F772BD730DF00F7B540 /* SignupData.swift in Sources */,
				55669F162BD6AEB400F7B540 /* RootCoordinator.swift in Sources */,
				55669F6B2BD714ED00F7B540 /* SignupSceneProtocols.swift in Sources */,
				55669F1B2BD6B06100F7B540 /* ChildCoordinator.swift in Sources */,
				55669F512BD6FB6A00F7B540 /* BaseLocalRepository.swift in Sources */,
				55669F1E2BD6B09E00F7B540 /* AuthCoordinator.swift in Sources */,
				55669F222BD6B10E00F7B540 /* LoginCoordinator.swift in Sources */,
				55669EFA2BD6A4FE00F7B540 /* SceneDelegate.swift in Sources */,
			);
			runOnlyForDeploymentPostprocessing = 0;
		};
/* End PBXSourcesBuildPhase section */

/* Begin PBXVariantGroup section */
		55669F022BD6A4FF00F7B540 /* LaunchScreen.storyboard */ = {
			isa = PBXVariantGroup;
			children = (
				55669F032BD6A4FF00F7B540 /* Base */,
			);
			name = LaunchScreen.storyboard;
			sourceTree = "<group>";
		};
/* End PBXVariantGroup section */

/* Begin XCBuildConfiguration section */
		55669F062BD6A4FF00F7B540 /* Debug */ = {
			isa = XCBuildConfiguration;
			buildSettings = {
				ALWAYS_SEARCH_USER_PATHS = NO;
				ASSETCATALOG_COMPILER_GENERATE_SWIFT_ASSET_SYMBOL_EXTENSIONS = YES;
				CLANG_ANALYZER_NONNULL = YES;
				CLANG_ANALYZER_NUMBER_OBJECT_CONVERSION = YES_AGGRESSIVE;
				CLANG_CXX_LANGUAGE_STANDARD = "gnu++20";
				CLANG_ENABLE_MODULES = YES;
				CLANG_ENABLE_OBJC_ARC = YES;
				CLANG_ENABLE_OBJC_WEAK = YES;
				CLANG_WARN_BLOCK_CAPTURE_AUTORELEASING = YES;
				CLANG_WARN_BOOL_CONVERSION = YES;
				CLANG_WARN_COMMA = YES;
				CLANG_WARN_CONSTANT_CONVERSION = YES;
				CLANG_WARN_DEPRECATED_OBJC_IMPLEMENTATIONS = YES;
				CLANG_WARN_DIRECT_OBJC_ISA_USAGE = YES_ERROR;
				CLANG_WARN_DOCUMENTATION_COMMENTS = YES;
				CLANG_WARN_EMPTY_BODY = YES;
				CLANG_WARN_ENUM_CONVERSION = YES;
				CLANG_WARN_INFINITE_RECURSION = YES;
				CLANG_WARN_INT_CONVERSION = YES;
				CLANG_WARN_NON_LITERAL_NULL_CONVERSION = YES;
				CLANG_WARN_OBJC_IMPLICIT_RETAIN_SELF = YES;
				CLANG_WARN_OBJC_LITERAL_CONVERSION = YES;
				CLANG_WARN_OBJC_ROOT_CLASS = YES_ERROR;
				CLANG_WARN_QUOTED_INCLUDE_IN_FRAMEWORK_HEADER = YES;
				CLANG_WARN_RANGE_LOOP_ANALYSIS = YES;
				CLANG_WARN_STRICT_PROTOTYPES = YES;
				CLANG_WARN_SUSPICIOUS_MOVE = YES;
				CLANG_WARN_UNGUARDED_AVAILABILITY = YES_AGGRESSIVE;
				CLANG_WARN_UNREACHABLE_CODE = YES;
				CLANG_WARN__DUPLICATE_METHOD_MATCH = YES;
				COPY_PHASE_STRIP = NO;
				DEBUG_INFORMATION_FORMAT = dwarf;
				ENABLE_STRICT_OBJC_MSGSEND = YES;
				ENABLE_TESTABILITY = YES;
				ENABLE_USER_SCRIPT_SANDBOXING = YES;
				GCC_C_LANGUAGE_STANDARD = gnu17;
				GCC_DYNAMIC_NO_PIC = NO;
				GCC_NO_COMMON_BLOCKS = YES;
				GCC_OPTIMIZATION_LEVEL = 0;
				GCC_PREPROCESSOR_DEFINITIONS = (
					"DEBUG=1",
					"$(inherited)",
				);
				GCC_WARN_64_TO_32_BIT_CONVERSION = YES;
				GCC_WARN_ABOUT_RETURN_TYPE = YES_ERROR;
				GCC_WARN_UNDECLARED_SELECTOR = YES;
				GCC_WARN_UNINITIALIZED_AUTOS = YES_AGGRESSIVE;
				GCC_WARN_UNUSED_FUNCTION = YES;
				GCC_WARN_UNUSED_VARIABLE = YES;
				IPHONEOS_DEPLOYMENT_TARGET = 17.2;
				LOCALIZATION_PREFERS_STRING_CATALOGS = YES;
				MTL_ENABLE_DEBUG_INFO = INCLUDE_SOURCE;
				MTL_FAST_MATH = YES;
				ONLY_ACTIVE_ARCH = YES;
				SDKROOT = iphoneos;
				SWIFT_ACTIVE_COMPILATION_CONDITIONS = "DEBUG $(inherited)";
				SWIFT_OPTIMIZATION_LEVEL = "-Onone";
			};
			name = Debug;
		};
		55669F072BD6A4FF00F7B540 /* Release */ = {
			isa = XCBuildConfiguration;
			buildSettings = {
				ALWAYS_SEARCH_USER_PATHS = NO;
				ASSETCATALOG_COMPILER_GENERATE_SWIFT_ASSET_SYMBOL_EXTENSIONS = YES;
				CLANG_ANALYZER_NONNULL = YES;
				CLANG_ANALYZER_NUMBER_OBJECT_CONVERSION = YES_AGGRESSIVE;
				CLANG_CXX_LANGUAGE_STANDARD = "gnu++20";
				CLANG_ENABLE_MODULES = YES;
				CLANG_ENABLE_OBJC_ARC = YES;
				CLANG_ENABLE_OBJC_WEAK = YES;
				CLANG_WARN_BLOCK_CAPTURE_AUTORELEASING = YES;
				CLANG_WARN_BOOL_CONVERSION = YES;
				CLANG_WARN_COMMA = YES;
				CLANG_WARN_CONSTANT_CONVERSION = YES;
				CLANG_WARN_DEPRECATED_OBJC_IMPLEMENTATIONS = YES;
				CLANG_WARN_DIRECT_OBJC_ISA_USAGE = YES_ERROR;
				CLANG_WARN_DOCUMENTATION_COMMENTS = YES;
				CLANG_WARN_EMPTY_BODY = YES;
				CLANG_WARN_ENUM_CONVERSION = YES;
				CLANG_WARN_INFINITE_RECURSION = YES;
				CLANG_WARN_INT_CONVERSION = YES;
				CLANG_WARN_NON_LITERAL_NULL_CONVERSION = YES;
				CLANG_WARN_OBJC_IMPLICIT_RETAIN_SELF = YES;
				CLANG_WARN_OBJC_LITERAL_CONVERSION = YES;
				CLANG_WARN_OBJC_ROOT_CLASS = YES_ERROR;
				CLANG_WARN_QUOTED_INCLUDE_IN_FRAMEWORK_HEADER = YES;
				CLANG_WARN_RANGE_LOOP_ANALYSIS = YES;
				CLANG_WARN_STRICT_PROTOTYPES = YES;
				CLANG_WARN_SUSPICIOUS_MOVE = YES;
				CLANG_WARN_UNGUARDED_AVAILABILITY = YES_AGGRESSIVE;
				CLANG_WARN_UNREACHABLE_CODE = YES;
				CLANG_WARN__DUPLICATE_METHOD_MATCH = YES;
				COPY_PHASE_STRIP = NO;
				DEBUG_INFORMATION_FORMAT = "dwarf-with-dsym";
				ENABLE_NS_ASSERTIONS = NO;
				ENABLE_STRICT_OBJC_MSGSEND = YES;
				ENABLE_USER_SCRIPT_SANDBOXING = YES;
				GCC_C_LANGUAGE_STANDARD = gnu17;
				GCC_NO_COMMON_BLOCKS = YES;
				GCC_WARN_64_TO_32_BIT_CONVERSION = YES;
				GCC_WARN_ABOUT_RETURN_TYPE = YES_ERROR;
				GCC_WARN_UNDECLARED_SELECTOR = YES;
				GCC_WARN_UNINITIALIZED_AUTOS = YES_AGGRESSIVE;
				GCC_WARN_UNUSED_FUNCTION = YES;
				GCC_WARN_UNUSED_VARIABLE = YES;
				IPHONEOS_DEPLOYMENT_TARGET = 17.2;
				LOCALIZATION_PREFERS_STRING_CATALOGS = YES;
				MTL_ENABLE_DEBUG_INFO = NO;
				MTL_FAST_MATH = YES;
				SDKROOT = iphoneos;
				SWIFT_COMPILATION_MODE = wholemodule;
				VALIDATE_PRODUCT = YES;
			};
			name = Release;
		};
		55669F092BD6A4FF00F7B540 /* Debug */ = {
			isa = XCBuildConfiguration;
			buildSettings = {
				ASSETCATALOG_COMPILER_APPICON_NAME = AppIcon;
				ASSETCATALOG_COMPILER_GLOBAL_ACCENT_COLOR_NAME = AccentColor;
				CODE_SIGN_STYLE = Automatic;
				CURRENT_PROJECT_VERSION = 1;
				DEVELOPMENT_TEAM = TCD4XHJF85;
				GENERATE_INFOPLIST_FILE = YES;
				INFOPLIST_FILE = AlulaMVP/Info.plist;
				INFOPLIST_KEY_UIApplicationSupportsIndirectInputEvents = YES;
				INFOPLIST_KEY_UILaunchStoryboardName = LaunchScreen;
				INFOPLIST_KEY_UISupportedInterfaceOrientations_iPad = "UIInterfaceOrientationPortrait UIInterfaceOrientationPortraitUpsideDown UIInterfaceOrientationLandscapeLeft UIInterfaceOrientationLandscapeRight";
				INFOPLIST_KEY_UISupportedInterfaceOrientations_iPhone = "UIInterfaceOrientationPortrait UIInterfaceOrientationLandscapeLeft UIInterfaceOrientationLandscapeRight";
				LD_RUNPATH_SEARCH_PATHS = (
					"$(inherited)",
					"@executable_path/Frameworks",
				);
				MARKETING_VERSION = 1.0;
				PRODUCT_BUNDLE_IDENTIFIER = com.mohamedSliem.AlulaMVP;
				PRODUCT_NAME = "$(TARGET_NAME)";
				SWIFT_EMIT_LOC_STRINGS = YES;
				SWIFT_VERSION = 5.0;
				TARGETED_DEVICE_FAMILY = "1,2";
			};
			name = Debug;
		};
		55669F0A2BD6A4FF00F7B540 /* Release */ = {
			isa = XCBuildConfiguration;
			buildSettings = {
				ASSETCATALOG_COMPILER_APPICON_NAME = AppIcon;
				ASSETCATALOG_COMPILER_GLOBAL_ACCENT_COLOR_NAME = AccentColor;
				CODE_SIGN_STYLE = Automatic;
				CURRENT_PROJECT_VERSION = 1;
				DEVELOPMENT_TEAM = TCD4XHJF85;
				GENERATE_INFOPLIST_FILE = YES;
				INFOPLIST_FILE = AlulaMVP/Info.plist;
				INFOPLIST_KEY_UIApplicationSupportsIndirectInputEvents = YES;
				INFOPLIST_KEY_UILaunchStoryboardName = LaunchScreen;
				INFOPLIST_KEY_UISupportedInterfaceOrientations_iPad = "UIInterfaceOrientationPortrait UIInterfaceOrientationPortraitUpsideDown UIInterfaceOrientationLandscapeLeft UIInterfaceOrientationLandscapeRight";
				INFOPLIST_KEY_UISupportedInterfaceOrientations_iPhone = "UIInterfaceOrientationPortrait UIInterfaceOrientationLandscapeLeft UIInterfaceOrientationLandscapeRight";
				LD_RUNPATH_SEARCH_PATHS = (
					"$(inherited)",
					"@executable_path/Frameworks",
				);
				MARKETING_VERSION = 1.0;
				PRODUCT_BUNDLE_IDENTIFIER = com.mohamedSliem.AlulaMVP;
				PRODUCT_NAME = "$(TARGET_NAME)";
				SWIFT_EMIT_LOC_STRINGS = YES;
				SWIFT_VERSION = 5.0;
				TARGETED_DEVICE_FAMILY = "1,2";
			};
			name = Release;
		};
/* End XCBuildConfiguration section */

/* Begin XCConfigurationList section */
		55669EEF2BD6A4FE00F7B540 /* Build configuration list for PBXProject "AlulaMVP" */ = {
			isa = XCConfigurationList;
			buildConfigurations = (
				55669F062BD6A4FF00F7B540 /* Debug */,
				55669F072BD6A4FF00F7B540 /* Release */,
			);
			defaultConfigurationIsVisible = 0;
			defaultConfigurationName = Release;
		};
		55669F082BD6A4FF00F7B540 /* Build configuration list for PBXNativeTarget "AlulaMVP" */ = {
			isa = XCConfigurationList;
			buildConfigurations = (
				55669F092BD6A4FF00F7B540 /* Debug */,
				55669F0A2BD6A4FF00F7B540 /* Release */,
			);
			defaultConfigurationIsVisible = 0;
			defaultConfigurationName = Release;
		};
/* End XCConfigurationList section */

/* Begin XCLocalSwiftPackageReference section */
		55669F3A2BD6B55900F7B540 /* XCLocalSwiftPackageReference "../iOSProjects/Utilits" */ = {
			isa = XCLocalSwiftPackageReference;
			relativePath = ../iOSProjects/Utilits;
		};
/* End XCLocalSwiftPackageReference section */

/* Begin XCRemoteSwiftPackageReference section */
		55669F372BD6B53400F7B540 /* XCRemoteSwiftPackageReference "Factory" */ = {
			isa = XCRemoteSwiftPackageReference;
			repositoryURL = "https://github.com/hmlongco/Factory";
			requirement = {
				kind = upToNextMajorVersion;
				minimumVersion = 2.3.2;
			};
		};
/* End XCRemoteSwiftPackageReference section */

/* Begin XCSwiftPackageProductDependency section */
		55669F382BD6B53400F7B540 /* Factory */ = {
			isa = XCSwiftPackageProductDependency;
			package = 55669F372BD6B53400F7B540 /* XCRemoteSwiftPackageReference "Factory" */;
			productName = Factory;
		};
		55669F3D2BD6B58F00F7B540 /* Utilits */ = {
			isa = XCSwiftPackageProductDependency;
			productName = Utilits;
		};
/* End XCSwiftPackageProductDependency section */
	};
	rootObject = 55669EEC2BD6A4FE00F7B540 /* Project object */;
}
